
Microsoft Visual Studio Solution File, Format Version 11.00
# Visual Studio 2010
Project("{FAE04EC0-301F-11D3-BF4B-00C04F79EFBC}") = "Assembly-CSharp", "Assembly-CSharp.csproj", "{0D761724-A3E6-600E-2E12-E60B438BEE7A}"
EndProject
Project("{FAE04EC0-301F-11D3-BF4B-00C04F79EFBC}") = "Assembly-CSharp-firstpass", "Assembly-CSharp-firstpass.csproj", "{D5F3D725-C12A-96FE-1666-6AEE8FEDA49B}"
EndProject
Project("{FAE04EC0-301F-11D3-BF4B-00C04F79EFBC}") = "Assembly-CSharp-Editor", "Assembly-CSharp-Editor.csproj", "{5CCC5FF3-23B5-F4A3-D7AF-E70CB9762D67}"
EndProject
Global
	GlobalSection(SolutionConfigurationPlatforms) = preSolution
		Debug|Any CPU = Debug|Any CPU
		Release|Any CPU = Release|Any CPU
	EndGlobalSection
	GlobalSection(ProjectConfigurationPlatforms) = postSolution
		{0D761724-A3E6-600E-2E12-E60B438BEE7A}.Debug|Any CPU.ActiveCfg = Debug|Any CPU
		{0D761724-A3E6-600E-2E12-E60B438BEE7A}.Debug|Any CPU.Build.0 = Debug|Any CPU
		{0D761724-A3E6-600E-2E12-E60B438BEE7A}.Release|Any CPU.ActiveCfg = Release|Any CPU
		{0D761724-A3E6-600E-2E12-E60B438BEE7A}.Release|Any CPU.Build.0 = Release|Any CPU
		{D5F3D725-C12A-96FE-1666-6AEE8FEDA49B}.Debug|Any CPU.ActiveCfg = Debug|Any CPU
		{D5F3D725-C12A-96FE-1666-6AEE8FEDA49B}.Debug|Any CPU.Build.0 = Debug|Any CPU
		{D5F3D725-C12A-96FE-1666-6AEE8FEDA49B}.Release|Any CPU.ActiveCfg = Release|Any CPU
		{D5F3D725-C12A-96FE-1666-6AEE8FEDA49B}.Release|Any CPU.Build.0 = Release|Any CPU
		{5CCC5FF3-23B5-F4A3-D7AF-E70CB9762D67}.Debug|Any CPU.ActiveCfg = Debug|Any CPU
		{5CCC5FF3-23B5-F4A3-D7AF-E70CB9762D67}.Debug|Any CPU.Build.0 = Debug|Any CPU
		{5CCC5FF3-23B5-F4A3-D7AF-E70CB9762D67}.Release|Any CPU.ActiveCfg = Release|Any CPU
		{5CCC5FF3-23B5-F4A3-D7AF-E70CB9762D67}.Release|Any CPU.Build.0 = Release|Any CPU
	EndGlobalSection
	GlobalSection(SolutionProperties) = preSolution
		HideSolutionNode = FALSE
	EndGlobalSection
EndGlobal
